// !$*UTF8*$!
{
	archiveVersion = 1;
	classes = {
	};
	objectVersion = 46;
	objects = {

/* Begin PBXBuildFile section */
		18D88A1E183759CF003B79FC /* welcome.mp4 in Resources */ = {isa = PBXBuildFile; fileRef = 18D88A1D183759CF003B79FC /* welcome.mp4 */; };
		18E35C2F18447106001B6331 /* RegisterController.m in Sources */ = {isa = PBXBuildFile; fileRef = 18E35C2E18447106001B6331 /* RegisterController.m */; };
		5922BB63183A173C00168EDF /* MediaPlayer.framework in Frameworks */ = {isa = PBXBuildFile; fileRef = 5922BB62183A173C00168EDF /* MediaPlayer.framework */; };
		595BBE21183D207000BFAF47 /* Reachability.m in Sources */ = {isa = PBXBuildFile; fileRef = 595BBE20183D207000BFAF47 /* Reachability.m */; };
		595BBE23183D20A600BFAF47 /* Security.framework in Frameworks */ = {isa = PBXBuildFile; fileRef = 595BBE22183D20A600BFAF47 /* Security.framework */; };
		595BBE25183D20B600BFAF47 /* SystemConfiguration.framework in Frameworks */ = {isa = PBXBuildFile; fileRef = 595BBE24183D20B600BFAF47 /* SystemConfiguration.framework */; };
		595BBE2C183D210200BFAF47 /* ToolUtils.m in Sources */ = {isa = PBXBuildFile; fileRef = 595BBE27183D210200BFAF47 /* ToolUtils.m */; };
		595BBE2D183D210200BFAF47 /* ConfigFile.m in Sources */ = {isa = PBXBuildFile; fileRef = 595BBE29183D210200BFAF47 /* ConfigFile.m */; };
		595BBE2E183D210200BFAF47 /* Constants.m in Sources */ = {isa = PBXBuildFile; fileRef = 595BBE2B183D210200BFAF47 /* Constants.m */; };
		595BBE32183D28CE00BFAF47 /* LoginController.m in Sources */ = {isa = PBXBuildFile; fileRef = 595BBE31183D28CE00BFAF47 /* LoginController.m */; };
		595CBF2C183C63AB00628E41 /* NavigationTitleView.m in Sources */ = {isa = PBXBuildFile; fileRef = 595CBF2B183C63AB00628E41 /* NavigationTitleView.m */; };
		595CBF2E183C90C700628E41 /* QuartzCore.framework in Frameworks */ = {isa = PBXBuildFile; fileRef = 595CBF2D183C90C700628E41 /* QuartzCore.framework */; };
		595CBF31183C931900628E41 /* home_topleft.png in Resources */ = {isa = PBXBuildFile; fileRef = 595CBF2F183C931900628E41 /* home_topleft.png */; };
		595CBF32183C931900628E41 /* home_topright.png in Resources */ = {isa = PBXBuildFile; fileRef = 595CBF30183C931900628E41 /* home_topright.png */; };
		595CBF34183C933100628E41 /* common.plist in Resources */ = {isa = PBXBuildFile; fileRef = 595CBF33183C933100628E41 /* common.plist */; };
		595FE2CF18444D270068C4C2 /* first.png in Resources */ = {isa = PBXBuildFile; fileRef = 595FE2CB18444D270068C4C2 /* first.png */; };
		595FE2D018444D270068C4C2 /* second.png in Resources */ = {isa = PBXBuildFile; fileRef = 595FE2CC18444D270068C4C2 /* second.png */; };
		595FE2D118444D270068C4C2 /* third.png in Resources */ = {isa = PBXBuildFile; fileRef = 595FE2CD18444D270068C4C2 /* third.png */; };
		595FE2D218444D270068C4C2 /* four.png in Resources */ = {isa = PBXBuildFile; fileRef = 595FE2CE18444D270068C4C2 /* four.png */; };
		595FE2F31844AFDE0068C4C2 /* DDMenuController.m in Sources */ = {isa = PBXBuildFile; fileRef = 595FE2F21844AFDE0068C4C2 /* DDMenuController.m */; };
		595FE2FD1844B0430068C4C2 /* SideslipController.m in Sources */ = {isa = PBXBuildFile; fileRef = 595FE2FC1844B0430068C4C2 /* SideslipController.m */; };
		595FE3041844B2010068C4C2 /* MailRegView.m in Sources */ = {isa = PBXBuildFile; fileRef = 595FE2FF1844B2010068C4C2 /* MailRegView.m */; };
		595FE3051844B2010068C4C2 /* MailRegView.xib in Resources */ = {isa = PBXBuildFile; fileRef = 595FE3001844B2010068C4C2 /* MailRegView.xib */; };
		595FE3061844B2010068C4C2 /* MobileRegView.m in Sources */ = {isa = PBXBuildFile; fileRef = 595FE3021844B2010068C4C2 /* MobileRegView.m */; };
		595FE3071844B2010068C4C2 /* MobileRegView.xib in Resources */ = {isa = PBXBuildFile; fileRef = 595FE3031844B2010068C4C2 /* MobileRegView.xib */; };
		59650AD1184710AD00FF3ECB /* GuanTanView.m in Sources */ = {isa = PBXBuildFile; fileRef = 59650ACF184710AD00FF3ECB /* GuanTanView.m */; };
		59650AD2184710AD00FF3ECB /* GuanTanView.xib in Resources */ = {isa = PBXBuildFile; fileRef = 59650AD0184710AD00FF3ECB /* GuanTanView.xib */; };
		59650AD6184710D100FF3ECB /* ChouShiView.m in Sources */ = {isa = PBXBuildFile; fileRef = 59650AD4184710D100FF3ECB /* ChouShiView.m */; };
		59650AD7184710D100FF3ECB /* ChouShiView.xib in Resources */ = {isa = PBXBuildFile; fileRef = 59650AD5184710D100FF3ECB /* ChouShiView.xib */; };
		596817941845A2950089AC6B /* MapController.m in Sources */ = {isa = PBXBuildFile; fileRef = 596817931845A2950089AC6B /* MapController.m */; };
		5976EC701833CD27001C14FA /* Foundation.framework in Frameworks */ = {isa = PBXBuildFile; fileRef = 5976EC6F1833CD27001C14FA /* Foundation.framework */; };
		5976EC721833CD27001C14FA /* CoreGraphics.framework in Frameworks */ = {isa = PBXBuildFile; fileRef = 5976EC711833CD27001C14FA /* CoreGraphics.framework */; };
		5976EC741833CD27001C14FA /* UIKit.framework in Frameworks */ = {isa = PBXBuildFile; fileRef = 5976EC731833CD27001C14FA /* UIKit.framework */; };
		5976EC7A1833CD27001C14FA /* InfoPlist.strings in Resources */ = {isa = PBXBuildFile; fileRef = 5976EC781833CD27001C14FA /* InfoPlist.strings */; };
		5976EC7C1833CD27001C14FA /* main.m in Sources */ = {isa = PBXBuildFile; fileRef = 5976EC7B1833CD27001C14FA /* main.m */; };
		5976EC801833CD27001C14FA /* AppDelegate.m in Sources */ = {isa = PBXBuildFile; fileRef = 5976EC7F1833CD27001C14FA /* AppDelegate.m */; };
		5976EC881833CD27001C14FA /* Images.xcassets in Resources */ = {isa = PBXBuildFile; fileRef = 5976EC871833CD27001C14FA /* Images.xcassets */; };
		5976EC8F1833CD27001C14FA /* XCTest.framework in Frameworks */ = {isa = PBXBuildFile; fileRef = 5976EC8E1833CD27001C14FA /* XCTest.framework */; };
		5976EC901833CD27001C14FA /* Foundation.framework in Frameworks */ = {isa = PBXBuildFile; fileRef = 5976EC6F1833CD27001C14FA /* Foundation.framework */; };
		5976EC911833CD27001C14FA /* UIKit.framework in Frameworks */ = {isa = PBXBuildFile; fileRef = 5976EC731833CD27001C14FA /* UIKit.framework */; };
		5976EC991833CD27001C14FA /* InfoPlist.strings in Resources */ = {isa = PBXBuildFile; fileRef = 5976EC971833CD27001C14FA /* InfoPlist.strings */; };
		5976EC9B1833CD27001C14FA /* campusTests.m in Sources */ = {isa = PBXBuildFile; fileRef = 5976EC9A1833CD27001C14FA /* campusTests.m */; };
		599396EE1835F38D0050E1BD /* BaseView.m in Sources */ = {isa = PBXBuildFile; fileRef = 599396ED1835F38D0050E1BD /* BaseView.m */; };
		599396F21835F3AC0050E1BD /* HomeView.m in Sources */ = {isa = PBXBuildFile; fileRef = 599396F01835F3AC0050E1BD /* HomeView.m */; };
		599396F31835F3AC0050E1BD /* HomeView.xib in Resources */ = {isa = PBXBuildFile; fileRef = 599396F11835F3AC0050E1BD /* HomeView.xib */; };
		599396FE1835F7620050E1BD /* LoginView.m in Sources */ = {isa = PBXBuildFile; fileRef = 599396FC1835F7620050E1BD /* LoginView.m */; };
		599396FF1835F7620050E1BD /* LoginView.xib in Resources */ = {isa = PBXBuildFile; fileRef = 599396FD1835F7620050E1BD /* LoginView.xib */; };
		5993970A1835F7DA0050E1BD /* RegisterView.m in Sources */ = {isa = PBXBuildFile; fileRef = 599397081835F7DA0050E1BD /* RegisterView.m */; };
		5993970B1835F7DA0050E1BD /* RegisterView.xib in Resources */ = {isa = PBXBuildFile; fileRef = 599397091835F7DA0050E1BD /* RegisterView.xib */; };
		5993970F1835F7F90050E1BD /* ForgetPasswordView.m in Sources */ = {isa = PBXBuildFile; fileRef = 5993970D1835F7F90050E1BD /* ForgetPasswordView.m */; };
		599397101835F7F90050E1BD /* ForgetPasswordView.xib in Resources */ = {isa = PBXBuildFile; fileRef = 5993970E1835F7F90050E1BD /* ForgetPasswordView.xib */; };
		599397181835F8940050E1BD /* MapView.m in Sources */ = {isa = PBXBuildFile; fileRef = 599397161835F8940050E1BD /* MapView.m */; };
		599397191835F8940050E1BD /* MapView.xib in Resources */ = {isa = PBXBuildFile; fileRef = 599397171835F8940050E1BD /* MapView.xib */; };
		5993971D1835F8AA0050E1BD /* YouthView.m in Sources */ = {isa = PBXBuildFile; fileRef = 5993971B1835F8AA0050E1BD /* YouthView.m */; };
		5993971E1835F8AA0050E1BD /* YouthView.xib in Resources */ = {isa = PBXBuildFile; fileRef = 5993971C1835F8AA0050E1BD /* YouthView.xib */; };
		599397221835F8B70050E1BD /* ShopView.m in Sources */ = {isa = PBXBuildFile; fileRef = 599397201835F8B70050E1BD /* ShopView.m */; };
		599397231835F8B70050E1BD /* ShopView.xib in Resources */ = {isa = PBXBuildFile; fileRef = 599397211835F8B70050E1BD /* ShopView.xib */; };
		599397271835F8C40050E1BD /* HelpView.m in Sources */ = {isa = PBXBuildFile; fileRef = 599397251835F8C40050E1BD /* HelpView.m */; };
		599397281835F8C40050E1BD /* HelpView.xib in Resources */ = {isa = PBXBuildFile; fileRef = 599397261835F8C40050E1BD /* HelpView.xib */; };
		5993972D1835F8DA0050E1BD /* MoreView.m in Sources */ = {isa = PBXBuildFile; fileRef = 5993972B1835F8DA0050E1BD /* MoreView.m */; };
		5993972E1835F8DA0050E1BD /* MoreView.xib in Resources */ = {isa = PBXBuildFile; fileRef = 5993972C1835F8DA0050E1BD /* MoreView.xib */; };
		5996F7BE183B824A00FAFEB8 /* BaseController.m in Sources */ = {isa = PBXBuildFile; fileRef = 5996F7BD183B824A00FAFEB8 /* BaseController.m */; };
		5996F7C1183B82D600FAFEB8 /* HomeController.m in Sources */ = {isa = PBXBuildFile; fileRef = 5996F7C0183B82D600FAFEB8 /* HomeController.m */; };
		59B199971848834400F491AE /* SideslipView.m in Sources */ = {isa = PBXBuildFile; fileRef = 59B199951848834400F491AE /* SideslipView.m */; };
		59B199981848834400F491AE /* SideslipView.xib in Resources */ = {isa = PBXBuildFile; fileRef = 59B199961848834400F491AE /* SideslipView.xib */; };
		59B199B11848936D00F491AE /* person_about.png in Resources */ = {isa = PBXBuildFile; fileRef = 59B199A91848936D00F491AE /* person_about.png */; };
		59B199B21848936D00F491AE /* person_campus_yung.png in Resources */ = {isa = PBXBuildFile; fileRef = 59B199AA1848936D00F491AE /* person_campus_yung.png */; };
		59B199B31848936D00F491AE /* person_check_up.png in Resources */ = {isa = PBXBuildFile; fileRef = 59B199AB1848936D00F491AE /* person_check_up.png */; };
		59B199B41848936D00F491AE /* person_favorite.png in Resources */ = {isa = PBXBuildFile; fileRef = 59B199AC1848936D00F491AE /* person_favorite.png */; };
		59B199B51848936D00F491AE /* person_hostel.png in Resources */ = {isa = PBXBuildFile; fileRef = 59B199AD1848936D00F491AE /* person_hostel.png */; };
		59B199B61848936D00F491AE /* person_joke.png in Resources */ = {isa = PBXBuildFile; fileRef = 59B199AE1848936D00F491AE /* person_joke.png */; };
		59B199B71848936D00F491AE /* person_shop.png in Resources */ = {isa = PBXBuildFile; fileRef = 59B199AF1848936D00F491AE /* person_shop.png */; };
		59B199B81848936D00F491AE /* person_update_pwd.png in Resources */ = {isa = PBXBuildFile; fileRef = 59B199B01848936D00F491AE /* person_update_pwd.png */; };
		59B99F80184334B9002F6F3C /* 1.png in Resources */ = {isa = PBXBuildFile; fileRef = 59B99F7E184334B9002F6F3C /* 1.png */; };
		59B99F81184334B9002F6F3C /* 2.png in Resources */ = {isa = PBXBuildFile; fileRef = 59B99F7F184334B9002F6F3C /* 2.png */; };
		59B99F83184334C6002F6F3C /* 3.png in Resources */ = {isa = PBXBuildFile; fileRef = 59B99F82184334C6002F6F3C /* 3.png */; };
		59B99F9018435269002F6F3C /* SGFocusImageFrame.m in Sources */ = {isa = PBXBuildFile; fileRef = 59B99F8D18435269002F6F3C /* SGFocusImageFrame.m */; settings = {COMPILER_FLAGS = "-fno-objc-arc"; }; };
		59B99F9118435269002F6F3C /* SGFocusImageItem.m in Sources */ = {isa = PBXBuildFile; fileRef = 59B99F8F18435269002F6F3C /* SGFocusImageItem.m */; settings = {COMPILER_FLAGS = "-fno-objc-arc"; }; };
/* End PBXBuildFile section */

/* Begin PBXContainerItemProxy section */
		5976EC921833CD27001C14FA /* PBXContainerItemProxy */ = {
			isa = PBXContainerItemProxy;
			containerPortal = 5976EC641833CD27001C14FA /* Project object */;
			proxyType = 1;
			remoteGlobalIDString = 5976EC6B1833CD27001C14FA;
			remoteInfo = campus;
		};
/* End PBXContainerItemProxy section */

/* Begin PBXFileReference section */
		18D88A1D183759CF003B79FC /* welcome.mp4 */ = {isa = PBXFileReference; lastKnownFileType = file; path = welcome.mp4; sourceTree = "<group>"; };
		18E35C2D18447106001B6331 /* RegisterController.h */ = {isa = PBXFileReference; fileEncoding = 4; lastKnownFileType = sourcecode.c.h; path = RegisterController.h; sourceTree = "<group>"; };
		18E35C2E18447106001B6331 /* RegisterController.m */ = {isa = PBXFileReference; fileEncoding = 4; lastKnownFileType = sourcecode.c.objc; path = RegisterController.m; sourceTree = "<group>"; };
		5922BB62183A173C00168EDF /* MediaPlayer.framework */ = {isa = PBXFileReference; lastKnownFileType = wrapper.framework; name = MediaPlayer.framework; path = System/Library/Frameworks/MediaPlayer.framework; sourceTree = SDKROOT; };
		595BBE1F183D207000BFAF47 /* Reachability.h */ = {isa = PBXFileReference; fileEncoding = 4; lastKnownFileType = sourcecode.c.h; path = Reachability.h; sourceTree = "<group>"; };
		595BBE20183D207000BFAF47 /* Reachability.m */ = {isa = PBXFileReference; fileEncoding = 4; lastKnownFileType = sourcecode.c.objc; path = Reachability.m; sourceTree = "<group>"; };
		595BBE22183D20A600BFAF47 /* Security.framework */ = {isa = PBXFileReference; lastKnownFileType = wrapper.framework; name = Security.framework; path = System/Library/Frameworks/Security.framework; sourceTree = SDKROOT; };
		595BBE24183D20B600BFAF47 /* SystemConfiguration.framework */ = {isa = PBXFileReference; lastKnownFileType = wrapper.framework; name = SystemConfiguration.framework; path = System/Library/Frameworks/SystemConfiguration.framework; sourceTree = SDKROOT; };
		595BBE26183D210200BFAF47 /* ToolUtils.h */ = {isa = PBXFileReference; fileEncoding = 4; lastKnownFileType = sourcecode.c.h; path = ToolUtils.h; sourceTree = "<group>"; };
		595BBE27183D210200BFAF47 /* ToolUtils.m */ = {isa = PBXFileReference; fileEncoding = 4; lastKnownFileType = sourcecode.c.objc; path = ToolUtils.m; sourceTree = "<group>"; };
		595BBE28183D210200BFAF47 /* ConfigFile.h */ = {isa = PBXFileReference; fileEncoding = 4; lastKnownFileType = sourcecode.c.h; path = ConfigFile.h; sourceTree = "<group>"; };
		595BBE29183D210200BFAF47 /* ConfigFile.m */ = {isa = PBXFileReference; fileEncoding = 4; lastKnownFileType = sourcecode.c.objc; path = ConfigFile.m; sourceTree = "<group>"; };
		595BBE2A183D210200BFAF47 /* Constants.h */ = {isa = PBXFileReference; fileEncoding = 4; lastKnownFileType = sourcecode.c.h; path = Constants.h; sourceTree = "<group>"; };
		595BBE2B183D210200BFAF47 /* Constants.m */ = {isa = PBXFileReference; fileEncoding = 4; lastKnownFileType = sourcecode.c.objc; path = Constants.m; sourceTree = "<group>"; };
		595BBE30183D28CE00BFAF47 /* LoginController.h */ = {isa = PBXFileReference; fileEncoding = 4; lastKnownFileType = sourcecode.c.h; path = LoginController.h; sourceTree = "<group>"; };
		595BBE31183D28CE00BFAF47 /* LoginController.m */ = {isa = PBXFileReference; fileEncoding = 4; lastKnownFileType = sourcecode.c.objc; path = LoginController.m; sourceTree = "<group>"; };
		595CBF2A183C63AB00628E41 /* NavigationTitleView.h */ = {isa = PBXFileReference; fileEncoding = 4; lastKnownFileType = sourcecode.c.h; path = NavigationTitleView.h; sourceTree = "<group>"; };
		595CBF2B183C63AB00628E41 /* NavigationTitleView.m */ = {isa = PBXFileReference; fileEncoding = 4; lastKnownFileType = sourcecode.c.objc; path = NavigationTitleView.m; sourceTree = "<group>"; };
		595CBF2D183C90C700628E41 /* QuartzCore.framework */ = {isa = PBXFileReference; lastKnownFileType = wrapper.framework; name = QuartzCore.framework; path = System/Library/Frameworks/QuartzCore.framework; sourceTree = SDKROOT; };
		595CBF2F183C931900628E41 /* home_topleft.png */ = {isa = PBXFileReference; lastKnownFileType = image.png; path = home_topleft.png; sourceTree = "<group>"; };
		595CBF30183C931900628E41 /* home_topright.png */ = {isa = PBXFileReference; lastKnownFileType = image.png; path = home_topright.png; sourceTree = "<group>"; };
		595CBF33183C933100628E41 /* common.plist */ = {isa = PBXFileReference; fileEncoding = 4; lastKnownFileType = text.plist.xml; path = common.plist; sourceTree = "<group>"; };
		595FE2CB18444D270068C4C2 /* first.png */ = {isa = PBXFileReference; lastKnownFileType = image.png; path = first.png; sourceTree = "<group>"; };
		595FE2CC18444D270068C4C2 /* second.png */ = {isa = PBXFileReference; lastKnownFileType = image.png; path = second.png; sourceTree = "<group>"; };
		595FE2CD18444D270068C4C2 /* third.png */ = {isa = PBXFileReference; lastKnownFileType = image.png; path = third.png; sourceTree = "<group>"; };
		595FE2CE18444D270068C4C2 /* four.png */ = {isa = PBXFileReference; lastKnownFileType = image.png; path = four.png; sourceTree = "<group>"; };
		595FE2F11844AFDE0068C4C2 /* DDMenuController.h */ = {isa = PBXFileReference; fileEncoding = 4; lastKnownFileType = sourcecode.c.h; path = DDMenuController.h; sourceTree = "<group>"; };
		595FE2F21844AFDE0068C4C2 /* DDMenuController.m */ = {isa = PBXFileReference; fileEncoding = 4; lastKnownFileType = sourcecode.c.objc; path = DDMenuController.m; sourceTree = "<group>"; };
		595FE2FB1844B0430068C4C2 /* SideslipController.h */ = {isa = PBXFileReference; fileEncoding = 4; lastKnownFileType = sourcecode.c.h; path = SideslipController.h; sourceTree = "<group>"; };
		595FE2FC1844B0430068C4C2 /* SideslipController.m */ = {isa = PBXFileReference; fileEncoding = 4; lastKnownFileType = sourcecode.c.objc; path = SideslipController.m; sourceTree = "<group>"; };
		595FE2FE1844B2010068C4C2 /* MailRegView.h */ = {isa = PBXFileReference; fileEncoding = 4; lastKnownFileType = sourcecode.c.h; path = MailRegView.h; sourceTree = "<group>"; };
		595FE2FF1844B2010068C4C2 /* MailRegView.m */ = {isa = PBXFileReference; fileEncoding = 4; lastKnownFileType = sourcecode.c.objc; path = MailRegView.m; sourceTree = "<group>"; };
		595FE3001844B2010068C4C2 /* MailRegView.xib */ = {isa = PBXFileReference; fileEncoding = 4; lastKnownFileType = file.xib; path = MailRegView.xib; sourceTree = "<group>"; };
		595FE3011844B2010068C4C2 /* MobileRegView.h */ = {isa = PBXFileReference; fileEncoding = 4; lastKnownFileType = sourcecode.c.h; path = MobileRegView.h; sourceTree = "<group>"; };
		595FE3021844B2010068C4C2 /* MobileRegView.m */ = {isa = PBXFileReference; fileEncoding = 4; lastKnownFileType = sourcecode.c.objc; path = MobileRegView.m; sourceTree = "<group>"; };
		595FE3031844B2010068C4C2 /* MobileRegView.xib */ = {isa = PBXFileReference; fileEncoding = 4; lastKnownFileType = file.xib; path = MobileRegView.xib; sourceTree = "<group>"; };
		59650ACE184710AD00FF3ECB /* GuanTanView.h */ = {isa = PBXFileReference; fileEncoding = 4; lastKnownFileType = sourcecode.c.h; path = GuanTanView.h; sourceTree = "<group>"; };
		59650ACF184710AD00FF3ECB /* GuanTanView.m */ = {isa = PBXFileReference; fileEncoding = 4; lastKnownFileType = sourcecode.c.objc; path = GuanTanView.m; sourceTree = "<group>"; };
		59650AD0184710AD00FF3ECB /* GuanTanView.xib */ = {isa = PBXFileReference; fileEncoding = 4; lastKnownFileType = file.xib; path = GuanTanView.xib; sourceTree = "<group>"; };
		59650AD3184710D100FF3ECB /* ChouShiView.h */ = {isa = PBXFileReference; fileEncoding = 4; lastKnownFileType = sourcecode.c.h; path = ChouShiView.h; sourceTree = "<group>"; };
		59650AD4184710D100FF3ECB /* ChouShiView.m */ = {isa = PBXFileReference; fileEncoding = 4; lastKnownFileType = sourcecode.c.objc; path = ChouShiView.m; sourceTree = "<group>"; };
		59650AD5184710D100FF3ECB /* ChouShiView.xib */ = {isa = PBXFileReference; fileEncoding = 4; lastKnownFileType = file.xib; path = ChouShiView.xib; sourceTree = "<group>"; };
		596817921845A2950089AC6B /* MapController.h */ = {isa = PBXFileReference; fileEncoding = 4; lastKnownFileType = sourcecode.c.h; path = MapController.h; sourceTree = "<group>"; };
		596817931845A2950089AC6B /* MapController.m */ = {isa = PBXFileReference; fileEncoding = 4; lastKnownFileType = sourcecode.c.objc; path = MapController.m; sourceTree = "<group>"; };
		5976EC6C1833CD27001C14FA /* campus.app */ = {isa = PBXFileReference; explicitFileType = wrapper.application; includeInIndex = 0; path = campus.app; sourceTree = BUILT_PRODUCTS_DIR; };
		5976EC6F1833CD27001C14FA /* Foundation.framework */ = {isa = PBXFileReference; lastKnownFileType = wrapper.framework; name = Foundation.framework; path = System/Library/Frameworks/Foundation.framework; sourceTree = SDKROOT; };
		5976EC711833CD27001C14FA /* CoreGraphics.framework */ = {isa = PBXFileReference; lastKnownFileType = wrapper.framework; name = CoreGraphics.framework; path = System/Library/Frameworks/CoreGraphics.framework; sourceTree = SDKROOT; };
		5976EC731833CD27001C14FA /* UIKit.framework */ = {isa = PBXFileReference; lastKnownFileType = wrapper.framework; name = UIKit.framework; path = System/Library/Frameworks/UIKit.framework; sourceTree = SDKROOT; };
		5976EC771833CD27001C14FA /* campus-Info.plist */ = {isa = PBXFileReference; lastKnownFileType = text.plist.xml; path = "campus-Info.plist"; sourceTree = "<group>"; };
		5976EC791833CD27001C14FA /* en */ = {isa = PBXFileReference; lastKnownFileType = text.plist.strings; name = en; path = en.lproj/InfoPlist.strings; sourceTree = "<group>"; };
		5976EC7B1833CD27001C14FA /* main.m */ = {isa = PBXFileReference; lastKnownFileType = sourcecode.c.objc; path = main.m; sourceTree = "<group>"; };
		5976EC7D1833CD27001C14FA /* campus-Prefix.pch */ = {isa = PBXFileReference; lastKnownFileType = sourcecode.c.h; path = "campus-Prefix.pch"; sourceTree = "<group>"; };
		5976EC7E1833CD27001C14FA /* AppDelegate.h */ = {isa = PBXFileReference; lastKnownFileType = sourcecode.c.h; path = AppDelegate.h; sourceTree = "<group>"; };
		5976EC7F1833CD27001C14FA /* AppDelegate.m */ = {isa = PBXFileReference; lastKnownFileType = sourcecode.c.objc; path = AppDelegate.m; sourceTree = "<group>"; };
		5976EC871833CD27001C14FA /* Images.xcassets */ = {isa = PBXFileReference; lastKnownFileType = folder.assetcatalog; path = Images.xcassets; sourceTree = "<group>"; };
		5976EC8D1833CD27001C14FA /* campusTests.xctest */ = {isa = PBXFileReference; explicitFileType = wrapper.cfbundle; includeInIndex = 0; path = campusTests.xctest; sourceTree = BUILT_PRODUCTS_DIR; };
		5976EC8E1833CD27001C14FA /* XCTest.framework */ = {isa = PBXFileReference; lastKnownFileType = wrapper.framework; name = XCTest.framework; path = Library/Frameworks/XCTest.framework; sourceTree = DEVELOPER_DIR; };
		5976EC961833CD27001C14FA /* campusTests-Info.plist */ = {isa = PBXFileReference; lastKnownFileType = text.plist.xml; path = "campusTests-Info.plist"; sourceTree = "<group>"; };
		5976EC981833CD27001C14FA /* en */ = {isa = PBXFileReference; lastKnownFileType = text.plist.strings; name = en; path = en.lproj/InfoPlist.strings; sourceTree = "<group>"; };
		5976EC9A1833CD27001C14FA /* campusTests.m */ = {isa = PBXFileReference; lastKnownFileType = sourcecode.c.objc; path = campusTests.m; sourceTree = "<group>"; };
		599396EC1835F38D0050E1BD /* BaseView.h */ = {isa = PBXFileReference; fileEncoding = 4; lastKnownFileType = sourcecode.c.h; path = BaseView.h; sourceTree = "<group>"; };
		599396ED1835F38D0050E1BD /* BaseView.m */ = {isa = PBXFileReference; fileEncoding = 4; lastKnownFileType = sourcecode.c.objc; path = BaseView.m; sourceTree = "<group>"; };
		599396EF1835F3AC0050E1BD /* HomeView.h */ = {isa = PBXFileReference; fileEncoding = 4; lastKnownFileType = sourcecode.c.h; path = HomeView.h; sourceTree = "<group>"; };
		599396F01835F3AC0050E1BD /* HomeView.m */ = {isa = PBXFileReference; fileEncoding = 4; lastKnownFileType = sourcecode.c.objc; path = HomeView.m; sourceTree = "<group>"; };
		599396F11835F3AC0050E1BD /* HomeView.xib */ = {isa = PBXFileReference; fileEncoding = 4; lastKnownFileType = file.xib; path = HomeView.xib; sourceTree = "<group>"; };
		599396FB1835F7620050E1BD /* LoginView.h */ = {isa = PBXFileReference; fileEncoding = 4; lastKnownFileType = sourcecode.c.h; path = LoginView.h; sourceTree = "<group>"; };
		599396FC1835F7620050E1BD /* LoginView.m */ = {isa = PBXFileReference; fileEncoding = 4; lastKnownFileType = sourcecode.c.objc; path = LoginView.m; sourceTree = "<group>"; };
		599396FD1835F7620050E1BD /* LoginView.xib */ = {isa = PBXFileReference; fileEncoding = 4; lastKnownFileType = file.xib; path = LoginView.xib; sourceTree = "<group>"; };
		599397071835F7DA0050E1BD /* RegisterView.h */ = {isa = PBXFileReference; fileEncoding = 4; lastKnownFileType = sourcecode.c.h; path = RegisterView.h; sourceTree = "<group>"; };
		599397081835F7DA0050E1BD /* RegisterView.m */ = {isa = PBXFileReference; fileEncoding = 4; lastKnownFileType = sourcecode.c.objc; path = RegisterView.m; sourceTree = "<group>"; };
		599397091835F7DA0050E1BD /* RegisterView.xib */ = {isa = PBXFileReference; fileEncoding = 4; lastKnownFileType = file.xib; path = RegisterView.xib; sourceTree = "<group>"; };
		5993970C1835F7F90050E1BD /* ForgetPasswordView.h */ = {isa = PBXFileReference; fileEncoding = 4; lastKnownFileType = sourcecode.c.h; path = ForgetPasswordView.h; sourceTree = "<group>"; };
		5993970D1835F7F90050E1BD /* ForgetPasswordView.m */ = {isa = PBXFileReference; fileEncoding = 4; lastKnownFileType = sourcecode.c.objc; path = ForgetPasswordView.m; sourceTree = "<group>"; };
		5993970E1835F7F90050E1BD /* ForgetPasswordView.xib */ = {isa = PBXFileReference; fileEncoding = 4; lastKnownFileType = file.xib; path = ForgetPasswordView.xib; sourceTree = "<group>"; };
		599397151835F8940050E1BD /* MapView.h */ = {isa = PBXFileReference; fileEncoding = 4; lastKnownFileType = sourcecode.c.h; path = MapView.h; sourceTree = "<group>"; };
		599397161835F8940050E1BD /* MapView.m */ = {isa = PBXFileReference; fileEncoding = 4; lastKnownFileType = sourcecode.c.objc; path = MapView.m; sourceTree = "<group>"; };
		599397171835F8940050E1BD /* MapView.xib */ = {isa = PBXFileReference; fileEncoding = 4; lastKnownFileType = file.xib; path = MapView.xib; sourceTree = "<group>"; };
		5993971A1835F8AA0050E1BD /* YouthView.h */ = {isa = PBXFileReference; fileEncoding = 4; lastKnownFileType = sourcecode.c.h; path = YouthView.h; sourceTree = "<group>"; };
		5993971B1835F8AA0050E1BD /* YouthView.m */ = {isa = PBXFileReference; fileEncoding = 4; lastKnownFileType = sourcecode.c.objc; path = YouthView.m; sourceTree = "<group>"; };
		5993971C1835F8AA0050E1BD /* YouthView.xib */ = {isa = PBXFileReference; fileEncoding = 4; lastKnownFileType = file.xib; path = YouthView.xib; sourceTree = "<group>"; };
		5993971F1835F8B70050E1BD /* ShopView.h */ = {isa = PBXFileReference; fileEncoding = 4; lastKnownFileType = sourcecode.c.h; path = ShopView.h; sourceTree = "<group>"; };
		599397201835F8B70050E1BD /* ShopView.m */ = {isa = PBXFileReference; fileEncoding = 4; lastKnownFileType = sourcecode.c.objc; path = ShopView.m; sourceTree = "<group>"; };
		599397211835F8B70050E1BD /* ShopView.xib */ = {isa = PBXFileReference; fileEncoding = 4; lastKnownFileType = file.xib; path = ShopView.xib; sourceTree = "<group>"; };
		599397241835F8C40050E1BD /* HelpView.h */ = {isa = PBXFileReference; fileEncoding = 4; lastKnownFileType = sourcecode.c.h; path = HelpView.h; sourceTree = "<group>"; };
		599397251835F8C40050E1BD /* HelpView.m */ = {isa = PBXFileReference; fileEncoding = 4; lastKnownFileType = sourcecode.c.objc; path = HelpView.m; sourceTree = "<group>"; };
		599397261835F8C40050E1BD /* HelpView.xib */ = {isa = PBXFileReference; fileEncoding = 4; lastKnownFileType = file.xib; path = HelpView.xib; sourceTree = "<group>"; };
		5993972A1835F8DA0050E1BD /* MoreView.h */ = {isa = PBXFileReference; fileEncoding = 4; lastKnownFileType = sourcecode.c.h; path = MoreView.h; sourceTree = "<group>"; };
		5993972B1835F8DA0050E1BD /* MoreView.m */ = {isa = PBXFileReference; fileEncoding = 4; lastKnownFileType = sourcecode.c.objc; path = MoreView.m; sourceTree = "<group>"; };
		5993972C1835F8DA0050E1BD /* MoreView.xib */ = {isa = PBXFileReference; fileEncoding = 4; lastKnownFileType = file.xib; path = MoreView.xib; sourceTree = "<group>"; };
		5996F7B8183B79AB00FAFEB8 /* ControllerProtocol.h */ = {isa = PBXFileReference; fileEncoding = 4; lastKnownFileType = sourcecode.c.h; path = ControllerProtocol.h; sourceTree = "<group>"; };
		5996F7BC183B824A00FAFEB8 /* BaseController.h */ = {isa = PBXFileReference; fileEncoding = 4; lastKnownFileType = sourcecode.c.h; path = BaseController.h; sourceTree = "<group>"; };
		5996F7BD183B824A00FAFEB8 /* BaseController.m */ = {isa = PBXFileReference; fileEncoding = 4; lastKnownFileType = sourcecode.c.objc; path = BaseController.m; sourceTree = "<group>"; };
		5996F7BF183B82D600FAFEB8 /* HomeController.h */ = {isa = PBXFileReference; fileEncoding = 4; lastKnownFileType = sourcecode.c.h; path = HomeController.h; sourceTree = "<group>"; };
		5996F7C0183B82D600FAFEB8 /* HomeController.m */ = {isa = PBXFileReference; fileEncoding = 4; lastKnownFileType = sourcecode.c.objc; path = HomeController.m; sourceTree = "<group>"; };
		59B199941848834400F491AE /* SideslipView.h */ = {isa = PBXFileReference; fileEncoding = 4; lastKnownFileType = sourcecode.c.h; path = SideslipView.h; sourceTree = "<group>"; };
		59B199951848834400F491AE /* SideslipView.m */ = {isa = PBXFileReference; fileEncoding = 4; lastKnownFileType = sourcecode.c.objc; path = SideslipView.m; sourceTree = "<group>"; };
		59B199961848834400F491AE /* SideslipView.xib */ = {isa = PBXFileReference; fileEncoding = 4; lastKnownFileType = file.xib; path = SideslipView.xib; sourceTree = "<group>"; };
		59B199A91848936D00F491AE /* person_about.png */ = {isa = PBXFileReference; lastKnownFileType = image.png; path = person_about.png; sourceTree = "<group>"; };
		59B199AA1848936D00F491AE /* person_campus_yung.png */ = {isa = PBXFileReference; lastKnownFileType = image.png; path = person_campus_yung.png; sourceTree = "<group>"; };
		59B199AB1848936D00F491AE /* person_check_up.png */ = {isa = PBXFileReference; lastKnownFileType = image.png; path = person_check_up.png; sourceTree = "<group>"; };
		59B199AC1848936D00F491AE /* person_favorite.png */ = {isa = PBXFileReference; lastKnownFileType = image.png; path = person_favorite.png; sourceTree = "<group>"; };
		59B199AD1848936D00F491AE /* person_hostel.png */ = {isa = PBXFileReference; lastKnownFileType = image.png; path = person_hostel.png; sourceTree = "<group>"; };
		59B199AE1848936D00F491AE /* person_joke.png */ = {isa = PBXFileReference; lastKnownFileType = image.png; path = person_joke.png; sourceTree = "<group>"; };
		59B199AF1848936D00F491AE /* person_shop.png */ = {isa = PBXFileReference; lastKnownFileType = image.png; path = person_shop.png; sourceTree = "<group>"; };
		59B199B01848936D00F491AE /* person_update_pwd.png */ = {isa = PBXFileReference; lastKnownFileType = image.png; path = person_update_pwd.png; sourceTree = "<group>"; };
		59B99F7E184334B9002F6F3C /* 1.png */ = {isa = PBXFileReference; lastKnownFileType = image.png; path = 1.png; sourceTree = "<group>"; };
		59B99F7F184334B9002F6F3C /* 2.png */ = {isa = PBXFileReference; lastKnownFileType = image.png; path = 2.png; sourceTree = "<group>"; };
		59B99F82184334C6002F6F3C /* 3.png */ = {isa = PBXFileReference; lastKnownFileType = image.png; path = 3.png; sourceTree = "<group>"; };
		59B99F8C18435269002F6F3C /* SGFocusImageFrame.h */ = {isa = PBXFileReference; fileEncoding = 4; lastKnownFileType = sourcecode.c.h; path = SGFocusImageFrame.h; sourceTree = "<group>"; };
		59B99F8D18435269002F6F3C /* SGFocusImageFrame.m */ = {isa = PBXFileReference; fileEncoding = 4; lastKnownFileType = sourcecode.c.objc; path = SGFocusImageFrame.m; sourceTree = "<group>"; };
		59B99F8E18435269002F6F3C /* SGFocusImageItem.h */ = {isa = PBXFileReference; fileEncoding = 4; lastKnownFileType = sourcecode.c.h; path = SGFocusImageItem.h; sourceTree = "<group>"; };
		59B99F8F18435269002F6F3C /* SGFocusImageItem.m */ = {isa = PBXFileReference; fileEncoding = 4; lastKnownFileType = sourcecode.c.objc; path = SGFocusImageItem.m; sourceTree = "<group>"; };
/* End PBXFileReference section */

/* Begin PBXFrameworksBuildPhase section */
		5976EC691833CD27001C14FA /* Frameworks */ = {
			isa = PBXFrameworksBuildPhase;
			buildActionMask = 2147483647;
			files = (
				595BBE25183D20B600BFAF47 /* SystemConfiguration.framework in Frameworks */,
				595BBE23183D20A600BFAF47 /* Security.framework in Frameworks */,
				595CBF2E183C90C700628E41 /* QuartzCore.framework in Frameworks */,
				5922BB63183A173C00168EDF /* MediaPlayer.framework in Frameworks */,
				5976EC721833CD27001C14FA /* CoreGraphics.framework in Frameworks */,
				5976EC741833CD27001C14FA /* UIKit.framework in Frameworks */,
				5976EC701833CD27001C14FA /* Foundation.framework in Frameworks */,
			);
			runOnlyForDeploymentPostprocessing = 0;
		};
		5976EC8A1833CD27001C14FA /* Frameworks */ = {
			isa = PBXFrameworksBuildPhase;
			buildActionMask = 2147483647;
			files = (
				5976EC8F1833CD27001C14FA /* XCTest.framework in Frameworks */,
				5976EC911833CD27001C14FA /* UIKit.framework in Frameworks */,
				5976EC901833CD27001C14FA /* Foundation.framework in Frameworks */,
			);
			runOnlyForDeploymentPostprocessing = 0;
		};
/* End PBXFrameworksBuildPhase section */

/* Begin PBXGroup section */
		18E35C2C184470A1001B6331 /* register */ = {
			isa = PBXGroup;
			children = (
				18E35C2D18447106001B6331 /* RegisterController.h */,
				18E35C2E18447106001B6331 /* RegisterController.m */,
			);
			name = register;
			sourceTree = "<group>";
		};
		595BBE2F183D28B800BFAF47 /* login */ = {
			isa = PBXGroup;
			children = (
				595BBE30183D28CE00BFAF47 /* LoginController.h */,
				595BBE31183D28CE00BFAF47 /* LoginController.m */,
			);
			name = login;
			sourceTree = "<group>";
		};
		595FE2F01844AFCF0068C4C2 /* DDMenu */ = {
			isa = PBXGroup;
			children = (
				595FE2F11844AFDE0068C4C2 /* DDMenuController.h */,
				595FE2F21844AFDE0068C4C2 /* DDMenuController.m */,
			);
			name = DDMenu;
			sourceTree = "<group>";
		};
		596817911845A2820089AC6B /* map */ = {
			isa = PBXGroup;
			children = (
				596817921845A2950089AC6B /* MapController.h */,
				596817931845A2950089AC6B /* MapController.m */,
			);
			name = map;
			sourceTree = "<group>";
		};
		5976EC631833CD27001C14FA = {
			isa = PBXGroup;
			children = (
				5976EC751833CD27001C14FA /* campus */,
				5976EC941833CD27001C14FA /* campusTests */,
				5976EC6E1833CD27001C14FA /* Frameworks */,
				5976EC6D1833CD27001C14FA /* Products */,
			);
			sourceTree = "<group>";
		};
		5976EC6D1833CD27001C14FA /* Products */ = {
			isa = PBXGroup;
			children = (
				5976EC6C1833CD27001C14FA /* campus.app */,
				5976EC8D1833CD27001C14FA /* campusTests.xctest */,
			);
			name = Products;
			sourceTree = "<group>";
		};
		5976EC6E1833CD27001C14FA /* Frameworks */ = {
			isa = PBXGroup;
			children = (
				595BBE24183D20B600BFAF47 /* SystemConfiguration.framework */,
				595BBE22183D20A600BFAF47 /* Security.framework */,
				595CBF2D183C90C700628E41 /* QuartzCore.framework */,
				5922BB62183A173C00168EDF /* MediaPlayer.framework */,
				5976EC6F1833CD27001C14FA /* Foundation.framework */,
				5976EC711833CD27001C14FA /* CoreGraphics.framework */,
				5976EC731833CD27001C14FA /* UIKit.framework */,
				5976EC8E1833CD27001C14FA /* XCTest.framework */,
			);
			name = Frameworks;
			sourceTree = "<group>";
		};
		5976EC751833CD27001C14FA /* campus */ = {
			isa = PBXGroup;
			children = (
				5993972F1835F9050050E1BD /* resources */,
				599396EB1835E9CC0050E1BD /* utils */,
				599396EA1835D1020050E1BD /* view */,
				599396E91835D0FC0050E1BD /* control */,
				599396E81835D0F50050E1BD /* model */,
				5976EC7E1833CD27001C14FA /* AppDelegate.h */,
				5976EC7F1833CD27001C14FA /* AppDelegate.m */,
				5976EC871833CD27001C14FA /* Images.xcassets */,
				5976EC761833CD27001C14FA /* Supporting Files */,
			);
			path = campus;
			sourceTree = "<group>";
		};
		5976EC761833CD27001C14FA /* Supporting Files */ = {
			isa = PBXGroup;
			children = (
				5976EC771833CD27001C14FA /* campus-Info.plist */,
				5976EC781833CD27001C14FA /* InfoPlist.strings */,
				5976EC7B1833CD27001C14FA /* main.m */,
				5976EC7D1833CD27001C14FA /* campus-Prefix.pch */,
			);
			name = "Supporting Files";
			sourceTree = "<group>";
		};
		5976EC941833CD27001C14FA /* campusTests */ = {
			isa = PBXGroup;
			children = (
				5976EC9A1833CD27001C14FA /* campusTests.m */,
				5976EC951833CD27001C14FA /* Supporting Files */,
			);
			path = campusTests;
			sourceTree = "<group>";
		};
		5976EC951833CD27001C14FA /* Supporting Files */ = {
			isa = PBXGroup;
			children = (
				5976EC961833CD27001C14FA /* campusTests-Info.plist */,
				5976EC971833CD27001C14FA /* InfoPlist.strings */,
			);
			name = "Supporting Files";
			sourceTree = "<group>";
		};
		597E017D183F61E80047873B /* SGFocus */ = {
			isa = PBXGroup;
			children = (
				59B99F8C18435269002F6F3C /* SGFocusImageFrame.h */,
				59B99F8D18435269002F6F3C /* SGFocusImageFrame.m */,
				59B99F8E18435269002F6F3C /* SGFocusImageItem.h */,
				59B99F8F18435269002F6F3C /* SGFocusImageItem.m */,
			);
			name = SGFocus;
			sourceTree = "<group>";
		};
		599396E81835D0F50050E1BD /* model */ = {
			isa = PBXGroup;
			children = (
			);
			name = model;
			sourceTree = "<group>";
		};
		599396E91835D0FC0050E1BD /* control */ = {
			isa = PBXGroup;
			children = (
				596817911845A2820089AC6B /* map */,
				18E35C2C184470A1001B6331 /* register */,
				595BBE2F183D28B800BFAF47 /* login */,
				5996F7B8183B79AB00FAFEB8 /* ControllerProtocol.h */,
				5996F7BC183B824A00FAFEB8 /* BaseController.h */,
				5996F7BD183B824A00FAFEB8 /* BaseController.m */,
				5996F7BF183B82D600FAFEB8 /* HomeController.h */,
				5996F7C0183B82D600FAFEB8 /* HomeController.m */,
				595FE2FB1844B0430068C4C2 /* SideslipController.h */,
				595FE2FC1844B0430068C4C2 /* SideslipController.m */,
			);
			name = control;
			sourceTree = "<group>";
		};
		599396EA1835D1020050E1BD /* view */ = {
			isa = PBXGroup;
			children = (
				599397291835F8CD0050E1BD /* more */,
				599397141835F8800050E1BD /* help */,
				599397131835F8770050E1BD /* shop */,
				599397121835F8320050E1BD /* youth */,
				599397111835F82A0050E1BD /* map */,
				599397011835F77E0050E1BD /* forgetpassword */,
				599397001835F7720050E1BD /* register */,
				599396F41835F3C00050E1BD /* login */,
				599396EC1835F38D0050E1BD /* BaseView.h */,
				599396ED1835F38D0050E1BD /* BaseView.m */,
				599396EF1835F3AC0050E1BD /* HomeView.h */,
				599396F01835F3AC0050E1BD /* HomeView.m */,
				599396F11835F3AC0050E1BD /* HomeView.xib */,
				59B199941848834400F491AE /* SideslipView.h */,
				59B199951848834400F491AE /* SideslipView.m */,
				59B199961848834400F491AE /* SideslipView.xib */,
			);
			name = view;
			sourceTree = "<group>";
		};
		599396EB1835E9CC0050E1BD /* utils */ = {
			isa = PBXGroup;
			children = (
				595FE2F01844AFCF0068C4C2 /* DDMenu */,
				597E017D183F61E80047873B /* SGFocus */,
				595BBE26183D210200BFAF47 /* ToolUtils.h */,
				595BBE27183D210200BFAF47 /* ToolUtils.m */,
				595BBE28183D210200BFAF47 /* ConfigFile.h */,
				595BBE29183D210200BFAF47 /* ConfigFile.m */,
				595BBE2A183D210200BFAF47 /* Constants.h */,
				595BBE2B183D210200BFAF47 /* Constants.m */,
				595BBE1F183D207000BFAF47 /* Reachability.h */,
				595BBE20183D207000BFAF47 /* Reachability.m */,
				595CBF2A183C63AB00628E41 /* NavigationTitleView.h */,
				595CBF2B183C63AB00628E41 /* NavigationTitleView.m */,
			);
			name = utils;
			sourceTree = "<group>";
		};
		599396F41835F3C00050E1BD /* login */ = {
			isa = PBXGroup;
			children = (
				599396FB1835F7620050E1BD /* LoginView.h */,
				599396FC1835F7620050E1BD /* LoginView.m */,
				599396FD1835F7620050E1BD /* LoginView.xib */,
			);
			name = login;
			sourceTree = "<group>";
		};
		599397001835F7720050E1BD /* register */ = {
			isa = PBXGroup;
			children = (
				595FE2FE1844B2010068C4C2 /* MailRegView.h */,
				595FE2FF1844B2010068C4C2 /* MailRegView.m */,
				595FE3001844B2010068C4C2 /* MailRegView.xib */,
				595FE3011844B2010068C4C2 /* MobileRegView.h */,
				595FE3021844B2010068C4C2 /* MobileRegView.m */,
				595FE3031844B2010068C4C2 /* MobileRegView.xib */,
				599397071835F7DA0050E1BD /* RegisterView.h */,
				599397081835F7DA0050E1BD /* RegisterView.m */,
				599397091835F7DA0050E1BD /* RegisterView.xib */,
			);
			name = register;
			sourceTree = "<group>";
		};
		599397011835F77E0050E1BD /* forgetpassword */ = {
			isa = PBXGroup;
			children = (
				5993970C1835F7F90050E1BD /* ForgetPasswordView.h */,
				5993970D1835F7F90050E1BD /* ForgetPasswordView.m */,
				5993970E1835F7F90050E1BD /* ForgetPasswordView.xib */,
			);
			name = forgetpassword;
			sourceTree = "<group>";
		};
		599397111835F82A0050E1BD /* map */ = {
			isa = PBXGroup;
			children = (
				599397151835F8940050E1BD /* MapView.h */,
				599397161835F8940050E1BD /* MapView.m */,
				599397171835F8940050E1BD /* MapView.xib */,
				59650ACE184710AD00FF3ECB /* GuanTanView.h */,
				59650ACF184710AD00FF3ECB /* GuanTanView.m */,
				59650AD0184710AD00FF3ECB /* GuanTanView.xib */,
				59650AD3184710D100FF3ECB /* ChouShiView.h */,
				59650AD4184710D100FF3ECB /* ChouShiView.m */,
				59650AD5184710D100FF3ECB /* ChouShiView.xib */,
			);
			name = map;
			sourceTree = "<group>";
		};
		599397121835F8320050E1BD /* youth */ = {
			isa = PBXGroup;
			children = (
				5993971A1835F8AA0050E1BD /* YouthView.h */,
				5993971B1835F8AA0050E1BD /* YouthView.m */,
				5993971C1835F8AA0050E1BD /* YouthView.xib */,
			);
			name = youth;
			sourceTree = "<group>";
		};
		599397131835F8770050E1BD /* shop */ = {
			isa = PBXGroup;
			children = (
				5993971F1835F8B70050E1BD /* ShopView.h */,
				599397201835F8B70050E1BD /* ShopView.m */,
				599397211835F8B70050E1BD /* ShopView.xib */,
			);
			name = shop;
			sourceTree = "<group>";
		};
		599397141835F8800050E1BD /* help */ = {
			isa = PBXGroup;
			children = (
				599397241835F8C40050E1BD /* HelpView.h */,
				599397251835F8C40050E1BD /* HelpView.m */,
				599397261835F8C40050E1BD /* HelpView.xib */,
			);
			name = help;
			sourceTree = "<group>";
		};
		599397291835F8CD0050E1BD /* more */ = {
			isa = PBXGroup;
			children = (
				5993972A1835F8DA0050E1BD /* MoreView.h */,
				5993972B1835F8DA0050E1BD /* MoreView.m */,
				5993972C1835F8DA0050E1BD /* MoreView.xib */,
			);
			name = more;
			sourceTree = "<group>";
		};
		5993972F1835F9050050E1BD /* resources */ = {
			isa = PBXGroup;
			children = (
				18D88A1D183759CF003B79FC /* welcome.mp4 */,
				599397311835F91B0050E1BD /* common */,
				599397301835F9110050E1BD /* images */,
			);
			path = resources;
			sourceTree = "<group>";
		};
		599397301835F9110050E1BD /* images */ = {
			isa = PBXGroup;
			children = (
				59B199A91848936D00F491AE /* person_about.png */,
				59B199AA1848936D00F491AE /* person_campus_yung.png */,
				59B199AB1848936D00F491AE /* person_check_up.png */,
				59B199AC1848936D00F491AE /* person_favorite.png */,
				59B199AD1848936D00F491AE /* person_hostel.png */,
				59B199AE1848936D00F491AE /* person_joke.png */,
				59B199AF1848936D00F491AE /* person_shop.png */,
				59B199B01848936D00F491AE /* person_update_pwd.png */,
				595FE2CB18444D270068C4C2 /* first.png */,
				595FE2CC18444D270068C4C2 /* second.png */,
				595FE2CD18444D270068C4C2 /* third.png */,
				595FE2CE18444D270068C4C2 /* four.png */,
				59B99F82184334C6002F6F3C /* 3.png */,
				59B99F7E184334B9002F6F3C /* 1.png */,
				59B99F7F184334B9002F6F3C /* 2.png */,
				595CBF2F183C931900628E41 /* home_topleft.png */,
				595CBF30183C931900628E41 /* home_topright.png */,
			);
			path = images;
			sourceTree = "<group>";
		};
		599397311835F91B0050E1BD /* common */ = {
			isa = PBXGroup;
			children = (
				595CBF33183C933100628E41 /* common.plist */,
			);
			path = common;
			sourceTree = "<group>";
		};
/* End PBXGroup section */

/* Begin PBXNativeTarget section */
		5976EC6B1833CD27001C14FA /* campus */ = {
			isa = PBXNativeTarget;
			buildConfigurationList = 5976EC9E1833CD27001C14FA /* Build configuration list for PBXNativeTarget "campus" */;
			buildPhases = (
				5976EC681833CD27001C14FA /* Sources */,
				5976EC691833CD27001C14FA /* Frameworks */,
				5976EC6A1833CD27001C14FA /* Resources */,
			);
			buildRules = (
			);
			dependencies = (
			);
			name = campus;
			productName = campus;
			productReference = 5976EC6C1833CD27001C14FA /* campus.app */;
			productType = "com.apple.product-type.application";
		};
		5976EC8C1833CD27001C14FA /* campusTests */ = {
			isa = PBXNativeTarget;
			buildConfigurationList = 5976ECA11833CD27001C14FA /* Build configuration list for PBXNativeTarget "campusTests" */;
			buildPhases = (
				5976EC891833CD27001C14FA /* Sources */,
				5976EC8A1833CD27001C14FA /* Frameworks */,
				5976EC8B1833CD27001C14FA /* Resources */,
			);
			buildRules = (
			);
			dependencies = (
				5976EC931833CD27001C14FA /* PBXTargetDependency */,
			);
			name = campusTests;
			productName = campusTests;
			productReference = 5976EC8D1833CD27001C14FA /* campusTests.xctest */;
			productType = "com.apple.product-type.bundle.unit-test";
		};
/* End PBXNativeTarget section */

/* Begin PBXProject section */
		5976EC641833CD27001C14FA /* Project object */ = {
			isa = PBXProject;
			attributes = {
				LastUpgradeCheck = 0500;
				ORGANIZATIONNAME = campus;
				TargetAttributes = {
					5976EC8C1833CD27001C14FA = {
						TestTargetID = 5976EC6B1833CD27001C14FA;
					};
				};
			};
			buildConfigurationList = 5976EC671833CD27001C14FA /* Build configuration list for PBXProject "campus" */;
			compatibilityVersion = "Xcode 3.2";
			developmentRegion = English;
			hasScannedForEncodings = 0;
			knownRegions = (
				en,
				Base,
			);
			mainGroup = 5976EC631833CD27001C14FA;
			productRefGroup = 5976EC6D1833CD27001C14FA /* Products */;
			projectDirPath = "";
			projectRoot = "";
			targets = (
				5976EC6B1833CD27001C14FA /* campus */,
				5976EC8C1833CD27001C14FA /* campusTests */,
			);
		};
/* End PBXProject section */

/* Begin PBXResourcesBuildPhase section */
		5976EC6A1833CD27001C14FA /* Resources */ = {
			isa = PBXResourcesBuildPhase;
			buildActionMask = 2147483647;
			files = (
				595FE2CF18444D270068C4C2 /* first.png in Resources */,
				59B199B61848936D00F491AE /* person_joke.png in Resources */,
				5976EC881833CD27001C14FA /* Images.xcassets in Resources */,
				599397101835F7F90050E1BD /* ForgetPasswordView.xib in Resources */,
				59B99F81184334B9002F6F3C /* 2.png in Resources */,
				59B99F83184334C6002F6F3C /* 3.png in Resources */,
				18D88A1E183759CF003B79FC /* welcome.mp4 in Resources */,
				595FE2D018444D270068C4C2 /* second.png in Resources */,
				59B199B41848936D00F491AE /* person_favorite.png in Resources */,
				59B199B21848936D00F491AE /* person_campus_yung.png in Resources */,
				59B199B51848936D00F491AE /* person_hostel.png in Resources */,
				599396F31835F3AC0050E1BD /* HomeView.xib in Resources */,
				5976EC7A1833CD27001C14FA /* InfoPlist.strings in Resources */,
				595FE2D118444D270068C4C2 /* third.png in Resources */,
				5993970B1835F7DA0050E1BD /* RegisterView.xib in Resources */,
				5993971E1835F8AA0050E1BD /* YouthView.xib in Resources */,
				599397281835F8C40050E1BD /* HelpView.xib in Resources */,
				59B199B81848936D00F491AE /* person_update_pwd.png in Resources */,
				599397191835F8940050E1BD /* MapView.xib in Resources */,
				59B99F80184334B9002F6F3C /* 1.png in Resources */,
				595CBF32183C931900628E41 /* home_topright.png in Resources */,
				59650AD7184710D100FF3ECB /* ChouShiView.xib in Resources */,
				59B199B31848936D00F491AE /* person_check_up.png in Resources */,
				595CBF34183C933100628E41 /* common.plist in Resources */,
				599396FF1835F7620050E1BD /* LoginView.xib in Resources */,
				59B199B71848936D00F491AE /* person_shop.png in Resources */,
				59650AD2184710AD00FF3ECB /* GuanTanView.xib in Resources */,
				599397231835F8B70050E1BD /* ShopView.xib in Resources */,
				595FE3071844B2010068C4C2 /* MobileRegView.xib in Resources */,
				595FE3051844B2010068C4C2 /* MailRegView.xib in Resources */,
				595CBF31183C931900628E41 /* home_topleft.png in Resources */,
				59B199B11848936D00F491AE /* person_about.png in Resources */,
				59B199981848834400F491AE /* SideslipView.xib in Resources */,
				595FE2D218444D270068C4C2 /* four.png in Resources */,
				5993972E1835F8DA0050E1BD /* MoreView.xib in Resources */,
			);
			runOnlyForDeploymentPostprocessing = 0;
		};
		5976EC8B1833CD27001C14FA /* Resources */ = {
			isa = PBXResourcesBuildPhase;
			buildActionMask = 2147483647;
			files = (
				5976EC991833CD27001C14FA /* InfoPlist.strings in Resources */,
			);
			runOnlyForDeploymentPostprocessing = 0;
		};
/* End PBXResourcesBuildPhase section */

/* Begin PBXSourcesBuildPhase section */
		5976EC681833CD27001C14FA /* Sources */ = {
			isa = PBXSourcesBuildPhase;
			buildActionMask = 2147483647;
			files = (
				5993972D1835F8DA0050E1BD /* MoreView.m in Sources */,
				5993971D1835F8AA0050E1BD /* YouthView.m in Sources */,
				599397271835F8C40050E1BD /* HelpView.m in Sources */,
				5993970A1835F7DA0050E1BD /* RegisterView.m in Sources */,
				599396FE1835F7620050E1BD /* LoginView.m in Sources */,
				595FE2F31844AFDE0068C4C2 /* DDMenuController.m in Sources */,
				59650AD1184710AD00FF3ECB /* GuanTanView.m in Sources */,
				595FE3061844B2010068C4C2 /* MobileRegView.m in Sources */,
				59B99F9118435269002F6F3C /* SGFocusImageItem.m in Sources */,
				595BBE32183D28CE00BFAF47 /* LoginController.m in Sources */,
				595CBF2C183C63AB00628E41 /* NavigationTitleView.m in Sources */,
				599397221835F8B70050E1BD /* ShopView.m in Sources */,
				595FE3041844B2010068C4C2 /* MailRegView.m in Sources */,
				5976EC801833CD27001C14FA /* AppDelegate.m in Sources */,
				5996F7BE183B824A00FAFEB8 /* BaseController.m in Sources */,
				5993970F1835F7F90050E1BD /* ForgetPasswordView.m in Sources */,
				59650AD6184710D100FF3ECB /* ChouShiView.m in Sources */,
				595BBE21183D207000BFAF47 /* Reachability.m in Sources */,
				59B199971848834400F491AE /* SideslipView.m in Sources */,
				18E35C2F18447106001B6331 /* RegisterController.m in Sources */,
				599396F21835F3AC0050E1BD /* HomeView.m in Sources */,
				5976EC7C1833CD27001C14FA /* main.m in Sources */,
				595FE2FD1844B0430068C4C2 /* SideslipController.m in Sources */,
				599397181835F8940050E1BD /* MapView.m in Sources */,
				595BBE2C183D210200BFAF47 /* ToolUtils.m in Sources */,
				595BBE2D183D210200BFAF47 /* ConfigFile.m in Sources */,
				5996F7C1183B82D600FAFEB8 /* HomeController.m in Sources */,
				59B99F9018435269002F6F3C /* SGFocusImageFrame.m in Sources */,
				599396EE1835F38D0050E1BD /* BaseView.m in Sources */,
				595BBE2E183D210200BFAF47 /* Constants.m in Sources */,
				596817941845A2950089AC6B /* MapController.m in Sources */,
			);
			runOnlyForDeploymentPostprocessing = 0;
		};
		5976EC891833CD27001C14FA /* Sources */ = {
			isa = PBXSourcesBuildPhase;
			buildActionMask = 2147483647;
			files = (
				5976EC9B1833CD27001C14FA /* campusTests.m in Sources */,
			);
			runOnlyForDeploymentPostprocessing = 0;
		};
/* End PBXSourcesBuildPhase section */

/* Begin PBXTargetDependency section */
		5976EC931833CD27001C14FA /* PBXTargetDependency */ = {
			isa = PBXTargetDependency;
			target = 5976EC6B1833CD27001C14FA /* campus */;
			targetProxy = 5976EC921833CD27001C14FA /* PBXContainerItemProxy */;
		};
/* End PBXTargetDependency section */

/* Begin PBXVariantGroup section */
		5976EC781833CD27001C14FA /* InfoPlist.strings */ = {
			isa = PBXVariantGroup;
			children = (
				5976EC791833CD27001C14FA /* en */,
			);
			name = InfoPlist.strings;
			sourceTree = "<group>";
		};
		5976EC971833CD27001C14FA /* InfoPlist.strings */ = {
			isa = PBXVariantGroup;
			children = (
				5976EC981833CD27001C14FA /* en */,
			);
			name = InfoPlist.strings;
			sourceTree = "<group>";
		};
/* End PBXVariantGroup section */

/* Begin XCBuildConfiguration section */
		5976EC9C1833CD27001C14FA /* Debug */ = {
			isa = XCBuildConfiguration;
			buildSettings = {
				ALWAYS_SEARCH_USER_PATHS = NO;
				ARCHS = "$(ARCHS_STANDARD_INCLUDING_64_BIT)";
				CLANG_CXX_LANGUAGE_STANDARD = "gnu++0x";
				CLANG_CXX_LIBRARY = "libc++";
				CLANG_ENABLE_MODULES = YES;
				CLANG_ENABLE_OBJC_ARC = YES;
				CLANG_WARN_BOOL_CONVERSION = YES;
				CLANG_WARN_CONSTANT_CONVERSION = YES;
				CLANG_WARN_DIRECT_OBJC_ISA_USAGE = YES_ERROR;
				CLANG_WARN_EMPTY_BODY = YES;
				CLANG_WARN_ENUM_CONVERSION = YES;
				CLANG_WARN_INT_CONVERSION = YES;
				CLANG_WARN_OBJC_ROOT_CLASS = YES_ERROR;
				CLANG_WARN__DUPLICATE_METHOD_MATCH = YES;
				"CODE_SIGN_IDENTITY[sdk=iphoneos*]" = "iPhone Developer";
				COPY_PHASE_STRIP = NO;
				GCC_C_LANGUAGE_STANDARD = gnu99;
				GCC_DYNAMIC_NO_PIC = NO;
				GCC_OPTIMIZATION_LEVEL = 0;
				GCC_PREPROCESSOR_DEFINITIONS = (
					"DEBUG=1",
					"$(inherited)",
				);
				GCC_SYMBOLS_PRIVATE_EXTERN = NO;
				GCC_WARN_64_TO_32_BIT_CONVERSION = YES;
				GCC_WARN_ABOUT_RETURN_TYPE = YES_ERROR;
				GCC_WARN_UNDECLARED_SELECTOR = YES;
				GCC_WARN_UNINITIALIZED_AUTOS = YES;
				GCC_WARN_UNUSED_FUNCTION = YES;
				GCC_WARN_UNUSED_VARIABLE = YES;
				IPHONEOS_DEPLOYMENT_TARGET = 7.0;
				ONLY_ACTIVE_ARCH = YES;
				SDKROOT = iphoneos;
			};
			name = Debug;
		};
		5976EC9D1833CD27001C14FA /* Release */ = {
			isa = XCBuildConfiguration;
			buildSettings = {
				ALWAYS_SEARCH_USER_PATHS = NO;
				ARCHS = "$(ARCHS_STANDARD_INCLUDING_64_BIT)";
				CLANG_CXX_LANGUAGE_STANDARD = "gnu++0x";
				CLANG_CXX_LIBRARY = "libc++";
				CLANG_ENABLE_MODULES = YES;
				CLANG_ENABLE_OBJC_ARC = YES;
				CLANG_WARN_BOOL_CONVERSION = YES;
				CLANG_WARN_CONSTANT_CONVERSION = YES;
				CLANG_WARN_DIRECT_OBJC_ISA_USAGE = YES_ERROR;
				CLANG_WARN_EMPTY_BODY = YES;
				CLANG_WARN_ENUM_CONVERSION = YES;
				CLANG_WARN_INT_CONVERSION = YES;
				CLANG_WARN_OBJC_ROOT_CLASS = YES_ERROR;
				CLANG_WARN__DUPLICATE_METHOD_MATCH = YES;
				"CODE_SIGN_IDENTITY[sdk=iphoneos*]" = "iPhone Developer";
				COPY_PHASE_STRIP = YES;
				ENABLE_NS_ASSERTIONS = NO;
				GCC_C_LANGUAGE_STANDARD = gnu99;
				GCC_WARN_64_TO_32_BIT_CONVERSION = YES;
				GCC_WARN_ABOUT_RETURN_TYPE = YES_ERROR;
				GCC_WARN_UNDECLARED_SELECTOR = YES;
				GCC_WARN_UNINITIALIZED_AUTOS = YES;
				GCC_WARN_UNUSED_FUNCTION = YES;
				GCC_WARN_UNUSED_VARIABLE = YES;
				IPHONEOS_DEPLOYMENT_TARGET = 7.0;
				SDKROOT = iphoneos;
				VALIDATE_PRODUCT = YES;
			};
			name = Release;
		};
		5976EC9F1833CD27001C14FA /* Debug */ = {
			isa = XCBuildConfiguration;
			buildSettings = {
				ASSETCATALOG_COMPILER_APPICON_NAME = AppIcon;
				ASSETCATALOG_COMPILER_LAUNCHIMAGE_NAME = LaunchImage;
				"CODE_SIGN_IDENTITY[sdk=iphoneos*]" = "iPhone Developer: w s (4Q4855JQM3)";
				GCC_PRECOMPILE_PREFIX_HEADER = YES;
				GCC_PREFIX_HEADER = "campus/campus-Prefix.pch";
				INFOPLIST_FILE = "campus/campus-Info.plist";
				IPHONEOS_DEPLOYMENT_TARGET = 7.0;
				PRODUCT_NAME = "$(TARGET_NAME)";
				WRAPPER_EXTENSION = app;
			};
			name = Debug;
		};
		5976ECA01833CD27001C14FA /* Release */ = {
			isa = XCBuildConfiguration;
			buildSettings = {
				ASSETCATALOG_COMPILER_APPICON_NAME = AppIcon;
				ASSETCATALOG_COMPILER_LAUNCHIMAGE_NAME = LaunchImage;
				GCC_PRECOMPILE_PREFIX_HEADER = YES;
				GCC_PREFIX_HEADER = "campus/campus-Prefix.pch";
				INFOPLIST_FILE = "campus/campus-Info.plist";
				IPHONEOS_DEPLOYMENT_TARGET = 7.0;
				PRODUCT_NAME = "$(TARGET_NAME)";
				WRAPPER_EXTENSION = app;
			};
			name = Release;
		};
		5976ECA21833CD27001C14FA /* Debug */ = {
			isa = XCBuildConfiguration;
			buildSettings = {
				ARCHS = "$(ARCHS_STANDARD_INCLUDING_64_BIT)";
				BUNDLE_LOADER = "$(BUILT_PRODUCTS_DIR)/campus.app/campus";
				FRAMEWORK_SEARCH_PATHS = (
					"$(SDKROOT)/Developer/Library/Frameworks",
					"$(inherited)",
					"$(DEVELOPER_FRAMEWORKS_DIR)",
				);
				GCC_PRECOMPILE_PREFIX_HEADER = YES;
				GCC_PREFIX_HEADER = "campus/campus-Prefix.pch";
				GCC_PREPROCESSOR_DEFINITIONS = (
					"DEBUG=1",
					"$(inherited)",
				);
				INFOPLIST_FILE = "campusTests/campusTests-Info.plist";
				PRODUCT_NAME = "$(TARGET_NAME)";
				TEST_HOST = "$(BUNDLE_LOADER)";
				WRAPPER_EXTENSION = xctest;
			};
			name = Debug;
		};
		5976ECA31833CD27001C14FA /* Release */ = {
			isa = XCBuildConfiguration;
			buildSettings = {
				ARCHS = "$(ARCHS_STANDARD_INCLUDING_64_BIT)";
				BUNDLE_LOADER = "$(BUILT_PRODUCTS_DIR)/campus.app/campus";
				FRAMEWORK_SEARCH_PATHS = (
					"$(SDKROOT)/Developer/Library/Frameworks",
					"$(inherited)",
					"$(DEVELOPER_FRAMEWORKS_DIR)",
				);
				GCC_PRECOMPILE_PREFIX_HEADER = YES;
				GCC_PREFIX_HEADER = "campus/campus-Prefix.pch";
				INFOPLIST_FILE = "campusTests/campusTests-Info.plist";
				PRODUCT_NAME = "$(TARGET_NAME)";
				TEST_HOST = "$(BUNDLE_LOADER)";
				WRAPPER_EXTENSION = xctest;
			};
			name = Release;
		};
/* End XCBuildConfiguration section */

/* Begin XCConfigurationList section */
		5976EC671833CD27001C14FA /* Build configuration list for PBXProject "campus" */ = {
			isa = XCConfigurationList;
			buildConfigurations = (
				5976EC9C1833CD27001C14FA /* Debug */,
				5976EC9D1833CD27001C14FA /* Release */,
			);
			defaultConfigurationIsVisible = 0;
			defaultConfigurationName = Release;
		};
		5976EC9E1833CD27001C14FA /* Build configuration list for PBXNativeTarget "campus" */ = {
			isa = XCConfigurationList;
			buildConfigurations = (
				5976EC9F1833CD27001C14FA /* Debug */,
				5976ECA01833CD27001C14FA /* Release */,
			);
			defaultConfigurationIsVisible = 0;
			defaultConfigurationName = Release;
		};
		5976ECA11833CD27001C14FA /* Build configuration list for PBXNativeTarget "campusTests" */ = {
			isa = XCConfigurationList;
			buildConfigurations = (
				5976ECA21833CD27001C14FA /* Debug */,
				5976ECA31833CD27001C14FA /* Release */,
			);
			defaultConfigurationIsVisible = 0;
			defaultConfigurationName = Release;
		};
/* End XCConfigurationList section */
	};
	rootObject = 5976EC641833CD27001C14FA /* Project object */;
}
